
Microsoft Visual Studio Solution File, Format Version 12.00
# Visual Studio Version 17
VisualStudioVersion = 17.6.33815.320
MinimumVisualStudioVersion = 10.0.40219.1
Project("{FAE04EC0-301F-11D3-BF4B-00C04F79EFBC}") = "CinemaProject", "CinemaProject\CinemaProject.csproj", "{AF095807-E756-4613-9580-B8A68B409F1D}"
EndProject
Global
	GlobalSection(SolutionConfigurationPlatforms) = preSolution
		Debug|Any CPU = Debug|Any CPU
		Release|Any CPU = Release|Any CPU
	EndGlobalSection
	GlobalSection(ProjectConfigurationPlatforms) = postSolution
		{AF095807-E756-4613-9580-B8A68B409F1D}.Debug|Any CPU.ActiveCfg = Debug|Any CPU
		{AF095807-E756-4613-9580-B8A68B409F1D}.Debug|Any CPU.Build.0 = Debug|Any CPU
		{AF095807-E756-4613-9580-B8A68B409F1D}.Release|Any CPU.ActiveCfg = Release|Any CPU
		{AF095807-E756-4613-9580-B8A68B409F1D}.Release|Any CPU.Build.0 = Release|Any CPU
	EndGlobalSection
	GlobalSection(SolutionProperties) = preSolution
		HideSolutionNode = FALSE
	EndGlobalSection
	GlobalSection(ExtensibilityGlobals) = postSolution
		SolutionGuid = {819817B1-5FD8-4733-A52C-D17429823AD2}
	EndGlobalSection
EndGlobal
